
Microsoft Visual Studio Solution File, Format Version 12.00
# Visual Studio Version 17
VisualStudioVersion = 17.4.33122.133
MinimumVisualStudioVersion = 10.0.40219.1
Project("{FAE04EC0-301F-11D3-BF4B-00C04F79EFBC}") = "RucksackSorter", "RucksackSorter\RucksackSorter.csproj", "{FEC9392F-89B2-467E-B53D-69CC6C54F323}"
EndProject
Global
	GlobalSection(SolutionConfigurationPlatforms) = preSolution
		Debug|Any CPU = Debug|Any CPU
		Release|Any CPU = Release|Any CPU
	EndGlobalSection
	GlobalSection(ProjectConfigurationPlatforms) = postSolution
		{FEC9392F-89B2-467E-B53D-69CC6C54F323}.Debug|Any CPU.ActiveCfg = Debug|Any CPU
		{FEC9392F-89B2-467E-B53D-69CC6C54F323}.Debug|Any CPU.Build.0 = Debug|Any CPU
		{FEC9392F-89B2-467E-B53D-69CC6C54F323}.Release|Any CPU.ActiveCfg = Release|Any CPU
		{FEC9392F-89B2-467E-B53D-69CC6C54F323}.Release|Any CPU.Build.0 = Release|Any CPU
	EndGlobalSection
	GlobalSection(SolutionProperties) = preSolution
		HideSolutionNode = FALSE
	EndGlobalSection
	GlobalSection(ExtensibilityGlobals) = postSolution
		SolutionGuid = {23654F4E-CD41-4086-954F-03827FCB77FE}
	EndGlobalSection
EndGlobal
