
Microsoft Visual Studio Solution File, Format Version 12.00
# Visual Studio Version 17
VisualStudioVersion = 17.4.33122.133
MinimumVisualStudioVersion = 10.0.40219.1
Project("{FAE04EC0-301F-11D3-BF4B-00C04F79EFBC}") = "CampOverlapDetector", "CampOverlapDetector\CampOverlapDetector.csproj", "{D07297AD-22AE-47F7-8791-EE051A344247}"
EndProject
Global
	GlobalSection(SolutionConfigurationPlatforms) = preSolution
		Debug|Any CPU = Debug|Any CPU
		Release|Any CPU = Release|Any CPU
	EndGlobalSection
	GlobalSection(ProjectConfigurationPlatforms) = postSolution
		{D07297AD-22AE-47F7-8791-EE051A344247}.Debug|Any CPU.ActiveCfg = Debug|Any CPU
		{D07297AD-22AE-47F7-8791-EE051A344247}.Debug|Any CPU.Build.0 = Debug|Any CPU
		{D07297AD-22AE-47F7-8791-EE051A344247}.Release|Any CPU.ActiveCfg = Release|Any CPU
		{D07297AD-22AE-47F7-8791-EE051A344247}.Release|Any CPU.Build.0 = Release|Any CPU
	EndGlobalSection
	GlobalSection(SolutionProperties) = preSolution
		HideSolutionNode = FALSE
	EndGlobalSection
	GlobalSection(ExtensibilityGlobals) = postSolution
		SolutionGuid = {79BAE485-3D02-454F-B560-430E9F8A928C}
	EndGlobalSection
EndGlobal
